
Microsoft Visual Studio Solution File, Format Version 11.00
# Visual Studio 2010
Project("{FAE04EC0-301F-11D3-BF4B-00C04F79EFBC}") = "MasterControl", "MasterControl\MasterControl.csproj", "{83FFF3E5-4C31-450E-87FF-FE98C48E5EC6}"
EndProject
Project("{FAE04EC0-301F-11D3-BF4B-00C04F79EFBC}") = "ServidorWeb", "ServidorWeb\ServidorWeb.csproj", "{2C153F90-E7B3-4DF6-B7A5-39E589D20B94}"
EndProject
Project("{FAE04EC0-301F-11D3-BF4B-00C04F79EFBC}") = "SDK", "SDK\SDK.csproj", "{25FDC25B-0BB1-4D13-BAD3-C7CAF22B9F70}"
EndProject
Project("{FAE04EC0-301F-11D3-BF4B-00C04F79EFBC}") = "Financeiro", "Financeiro\Financeiro.csproj", "{79FB97BD-3D54-480E-BEB7-90D76683EFDD}"
EndProject
Global
	GlobalSection(SolutionConfigurationPlatforms) = preSolution
		Debug|Any CPU = Debug|Any CPU
		Debug|Mixed Platforms = Debug|Mixed Platforms
		Debug|x86 = Debug|x86
		Release|Any CPU = Release|Any CPU
		Release|Mixed Platforms = Release|Mixed Platforms
		Release|x86 = Release|x86
	EndGlobalSection
	GlobalSection(ProjectConfigurationPlatforms) = postSolution
		{83FFF3E5-4C31-450E-87FF-FE98C48E5EC6}.Debug|Any CPU.ActiveCfg = Debug|x86
		{83FFF3E5-4C31-450E-87FF-FE98C48E5EC6}.Debug|Mixed Platforms.ActiveCfg = Debug|x86
		{83FFF3E5-4C31-450E-87FF-FE98C48E5EC6}.Debug|Mixed Platforms.Build.0 = Debug|x86
		{83FFF3E5-4C31-450E-87FF-FE98C48E5EC6}.Debug|x86.ActiveCfg = Debug|x86
		{83FFF3E5-4C31-450E-87FF-FE98C48E5EC6}.Debug|x86.Build.0 = Debug|x86
		{83FFF3E5-4C31-450E-87FF-FE98C48E5EC6}.Release|Any CPU.ActiveCfg = Release|x86
		{83FFF3E5-4C31-450E-87FF-FE98C48E5EC6}.Release|Mixed Platforms.ActiveCfg = Release|x86
		{83FFF3E5-4C31-450E-87FF-FE98C48E5EC6}.Release|Mixed Platforms.Build.0 = Release|x86
		{83FFF3E5-4C31-450E-87FF-FE98C48E5EC6}.Release|x86.ActiveCfg = Release|x86
		{83FFF3E5-4C31-450E-87FF-FE98C48E5EC6}.Release|x86.Build.0 = Release|x86
		{2C153F90-E7B3-4DF6-B7A5-39E589D20B94}.Debug|Any CPU.ActiveCfg = Debug|Any CPU
		{2C153F90-E7B3-4DF6-B7A5-39E589D20B94}.Debug|Any CPU.Build.0 = Debug|Any CPU
		{2C153F90-E7B3-4DF6-B7A5-39E589D20B94}.Debug|Mixed Platforms.ActiveCfg = Debug|Any CPU
		{2C153F90-E7B3-4DF6-B7A5-39E589D20B94}.Debug|Mixed Platforms.Build.0 = Debug|Any CPU
		{2C153F90-E7B3-4DF6-B7A5-39E589D20B94}.Debug|x86.ActiveCfg = Debug|Any CPU
		{2C153F90-E7B3-4DF6-B7A5-39E589D20B94}.Release|Any CPU.ActiveCfg = Release|Any CPU
		{2C153F90-E7B3-4DF6-B7A5-39E589D20B94}.Release|Any CPU.Build.0 = Release|Any CPU
		{2C153F90-E7B3-4DF6-B7A5-39E589D20B94}.Release|Mixed Platforms.ActiveCfg = Release|Any CPU
		{2C153F90-E7B3-4DF6-B7A5-39E589D20B94}.Release|Mixed Platforms.Build.0 = Release|Any CPU
		{2C153F90-E7B3-4DF6-B7A5-39E589D20B94}.Release|x86.ActiveCfg = Release|Any CPU
		{25FDC25B-0BB1-4D13-BAD3-C7CAF22B9F70}.Debug|Any CPU.ActiveCfg = Debug|Any CPU
		{25FDC25B-0BB1-4D13-BAD3-C7CAF22B9F70}.Debug|Any CPU.Build.0 = Debug|Any CPU
		{25FDC25B-0BB1-4D13-BAD3-C7CAF22B9F70}.Debug|Mixed Platforms.ActiveCfg = Debug|Any CPU
		{25FDC25B-0BB1-4D13-BAD3-C7CAF22B9F70}.Debug|Mixed Platforms.Build.0 = Debug|Any CPU
		{25FDC25B-0BB1-4D13-BAD3-C7CAF22B9F70}.Debug|x86.ActiveCfg = Debug|Any CPU
		{25FDC25B-0BB1-4D13-BAD3-C7CAF22B9F70}.Release|Any CPU.ActiveCfg = Release|Any CPU
		{25FDC25B-0BB1-4D13-BAD3-C7CAF22B9F70}.Release|Any CPU.Build.0 = Release|Any CPU
		{25FDC25B-0BB1-4D13-BAD3-C7CAF22B9F70}.Release|Mixed Platforms.ActiveCfg = Release|Any CPU
		{25FDC25B-0BB1-4D13-BAD3-C7CAF22B9F70}.Release|Mixed Platforms.Build.0 = Release|Any CPU
		{25FDC25B-0BB1-4D13-BAD3-C7CAF22B9F70}.Release|x86.ActiveCfg = Release|Any CPU
		{79FB97BD-3D54-480E-BEB7-90D76683EFDD}.Debug|Any CPU.ActiveCfg = Debug|Any CPU
		{79FB97BD-3D54-480E-BEB7-90D76683EFDD}.Debug|Any CPU.Build.0 = Debug|Any CPU
		{79FB97BD-3D54-480E-BEB7-90D76683EFDD}.Debug|Mixed Platforms.ActiveCfg = Debug|Any CPU
		{79FB97BD-3D54-480E-BEB7-90D76683EFDD}.Debug|Mixed Platforms.Build.0 = Debug|Any CPU
		{79FB97BD-3D54-480E-BEB7-90D76683EFDD}.Debug|x86.ActiveCfg = Debug|Any CPU
		{79FB97BD-3D54-480E-BEB7-90D76683EFDD}.Release|Any CPU.ActiveCfg = Release|Any CPU
		{79FB97BD-3D54-480E-BEB7-90D76683EFDD}.Release|Any CPU.Build.0 = Release|Any CPU
		{79FB97BD-3D54-480E-BEB7-90D76683EFDD}.Release|Mixed Platforms.ActiveCfg = Release|Any CPU
		{79FB97BD-3D54-480E-BEB7-90D76683EFDD}.Release|Mixed Platforms.Build.0 = Release|Any CPU
		{79FB97BD-3D54-480E-BEB7-90D76683EFDD}.Release|x86.ActiveCfg = Release|Any CPU
	EndGlobalSection
	GlobalSection(SolutionProperties) = preSolution
		HideSolutionNode = FALSE
	EndGlobalSection
EndGlobal
